
Microsoft Visual Studio Solution File, Format Version 12.00
# Visual Studio 2013
Project("{FAE04EC0-301F-11D3-BF4B-00C04F79EFBC}") = "UnityVS.GravityCrisis.CSharp", "UnityVS.GravityCrisis.CSharp.csproj", "{F2A9DD69-A272-33D8-F3EA-6F13BBAAE27C}"
EndProject
Global
	GlobalSection(SolutionConfigurationPlatforms) = preSolution
		Debug|Any CPU = Debug|Any CPU
		Release|Any CPU = Release|Any CPU
	EndGlobalSection
	GlobalSection(ProjectConfigurationPlatforms) = postSolution
		{F2A9DD69-A272-33D8-F3EA-6F13BBAAE27C}.Debug|Any CPU.ActiveCfg = Debug|Any CPU
		{F2A9DD69-A272-33D8-F3EA-6F13BBAAE27C}.Debug|Any CPU.Build.0 = Debug|Any CPU
		{F2A9DD69-A272-33D8-F3EA-6F13BBAAE27C}.Release|Any CPU.ActiveCfg = Release|Any CPU
		{F2A9DD69-A272-33D8-F3EA-6F13BBAAE27C}.Release|Any CPU.Build.0 = Release|Any CPU
	EndGlobalSection
	GlobalSection(SolutionProperties) = preSolution
		HideSolutionNode = FALSE
	EndGlobalSection
EndGlobal
